
Microsoft Visual Studio Solution File, Format Version 12.00
# Visual Studio Version 16
VisualStudioVersion = 16.0.31424.327
MinimumVisualStudioVersion = 10.0.40219.1
Project("{FAE04EC0-301F-11D3-BF4B-00C04F79EFBC}") = "StringNumberManipulation", "StringNumberManipulation\StringNumberManipulation.csproj", "{27326D4D-0185-4046-AF55-39853A6DD96B}"
EndProject
Global
	GlobalSection(SolutionConfigurationPlatforms) = preSolution
		Debug|Any CPU = Debug|Any CPU
		Release|Any CPU = Release|Any CPU
	EndGlobalSection
	GlobalSection(ProjectConfigurationPlatforms) = postSolution
		{27326D4D-0185-4046-AF55-39853A6DD96B}.Debug|Any CPU.ActiveCfg = Debug|Any CPU
		{27326D4D-0185-4046-AF55-39853A6DD96B}.Debug|Any CPU.Build.0 = Debug|Any CPU
		{27326D4D-0185-4046-AF55-39853A6DD96B}.Release|Any CPU.ActiveCfg = Release|Any CPU
		{27326D4D-0185-4046-AF55-39853A6DD96B}.Release|Any CPU.Build.0 = Release|Any CPU
	EndGlobalSection
	GlobalSection(SolutionProperties) = preSolution
		HideSolutionNode = FALSE
	EndGlobalSection
	GlobalSection(ExtensibilityGlobals) = postSolution
		SolutionGuid = {A81B3DA6-B2A4-464F-B31F-3352066E3D4B}
	EndGlobalSection
EndGlobal
